
Microsoft Visual Studio Solution File, Format Version 12.00
# Visual Studio Version 17
VisualStudioVersion = 17.0.31903.59
MinimumVisualStudioVersion = 10.0.40219.1
Project("{FAE04EC0-301F-11D3-BF4B-00C04F79EFBC}") = "SmartBodyDiaryDomain", "SmartBodyDiaryDomain\SmartBodyDiaryDomain.csproj", "{308F2070-9EC9-4057-9DEA-D74F93CA3F55}"
EndProject
Project("{FAE04EC0-301F-11D3-BF4B-00C04F79EFBC}") = "SmartBodyDiaryDomainTests", "SmartBodyDiaryDomainTests\SmartBodyDiaryDomainTests.csproj", "{4F994783-DBB4-472F-A28E-6E35E3D1DC90}"
EndProject
Project("{FAE04EC0-301F-11D3-BF4B-00C04F79EFBC}") = "SmartBodyDiary", "SmartBodyDiary\SmartBodyDiary.csproj", "{F67191BF-1F0B-4FFE-B55C-22FEFC69B3D8}"
EndProject
Global
	GlobalSection(SolutionConfigurationPlatforms) = preSolution
		Debug|Any CPU = Debug|Any CPU
		Release|Any CPU = Release|Any CPU
	EndGlobalSection
	GlobalSection(SolutionProperties) = preSolution
		HideSolutionNode = FALSE
	EndGlobalSection
	GlobalSection(ProjectConfigurationPlatforms) = postSolution
		{308F2070-9EC9-4057-9DEA-D74F93CA3F55}.Debug|Any CPU.ActiveCfg = Debug|Any CPU
		{308F2070-9EC9-4057-9DEA-D74F93CA3F55}.Debug|Any CPU.Build.0 = Debug|Any CPU
		{308F2070-9EC9-4057-9DEA-D74F93CA3F55}.Release|Any CPU.ActiveCfg = Release|Any CPU
		{308F2070-9EC9-4057-9DEA-D74F93CA3F55}.Release|Any CPU.Build.0 = Release|Any CPU
		{4F994783-DBB4-472F-A28E-6E35E3D1DC90}.Debug|Any CPU.ActiveCfg = Debug|Any CPU
		{4F994783-DBB4-472F-A28E-6E35E3D1DC90}.Debug|Any CPU.Build.0 = Debug|Any CPU
		{4F994783-DBB4-472F-A28E-6E35E3D1DC90}.Release|Any CPU.ActiveCfg = Release|Any CPU
		{4F994783-DBB4-472F-A28E-6E35E3D1DC90}.Release|Any CPU.Build.0 = Release|Any CPU
		{F67191BF-1F0B-4FFE-B55C-22FEFC69B3D8}.Debug|Any CPU.ActiveCfg = Debug|Any CPU
		{F67191BF-1F0B-4FFE-B55C-22FEFC69B3D8}.Debug|Any CPU.Build.0 = Debug|Any CPU
		{F67191BF-1F0B-4FFE-B55C-22FEFC69B3D8}.Release|Any CPU.ActiveCfg = Release|Any CPU
		{F67191BF-1F0B-4FFE-B55C-22FEFC69B3D8}.Release|Any CPU.Build.0 = Release|Any CPU
	EndGlobalSection
EndGlobal
